
Microsoft Visual Studio Solution File, Format Version 12.00
# Visual Studio 15
VisualStudioVersion = 15.0.28010.2050
MinimumVisualStudioVersion = 10.0.40219.1
Project("{2150E333-8FDC-42A3-9474-1A3956D46DE8}") = "src", "src", "{93EF2B83-CC44-40A4-93B5-A5D17487CD2A}"
EndProject
Project("{F2A71F9B-5D33-465A-A702-920D77279786}") = "Pathing", "src\Pathing\Pathing.fsproj", "{A5D93A76-B5C1-4CBC-864F-4CC1CD04022E}"
EndProject
Global
	GlobalSection(SolutionConfigurationPlatforms) = preSolution
		Debug|Any CPU = Debug|Any CPU
		Release|Any CPU = Release|Any CPU
	EndGlobalSection
	GlobalSection(ProjectConfigurationPlatforms) = postSolution
		{A5D93A76-B5C1-4CBC-864F-4CC1CD04022E}.Debug|Any CPU.ActiveCfg = Debug|Any CPU
		{A5D93A76-B5C1-4CBC-864F-4CC1CD04022E}.Debug|Any CPU.Build.0 = Debug|Any CPU
		{A5D93A76-B5C1-4CBC-864F-4CC1CD04022E}.Release|Any CPU.ActiveCfg = Release|Any CPU
		{A5D93A76-B5C1-4CBC-864F-4CC1CD04022E}.Release|Any CPU.Build.0 = Release|Any CPU
	EndGlobalSection
	GlobalSection(SolutionProperties) = preSolution
		HideSolutionNode = FALSE
	EndGlobalSection
	GlobalSection(NestedProjects) = preSolution
		{A5D93A76-B5C1-4CBC-864F-4CC1CD04022E} = {93EF2B83-CC44-40A4-93B5-A5D17487CD2A}
	EndGlobalSection
	GlobalSection(ExtensibilityGlobals) = postSolution
		SolutionGuid = {C9163C64-6005-49D2-AFA1-5F7DA515BBD8}
	EndGlobalSection
EndGlobal
